github.com/edouardparis/opennode-go v0.0.0-20191204123333-c5d6ac4e7413 h1:0r43neiyIqQGvFw42L1dkU8cHaQvDD55DlJ96xKNoP4=
github.com/edouardparis/opennode-go/opennode v0.0.0-20191204123333-c5d6ac4e7413 h1:NbHlxj4Bzt7FlqYIXqfYdeJduRckVx2wa5CO+yKJQLc=
github.com/edouardparis/opennode-go/opennode v0.0.0-20191204123333-c5d6ac4e7413/go.mod h1:99pkeRPTzx7ivfUNjHbd4KVi/P155K9WbfIZvYrat+Y=
